
Microsoft Visual Studio Solution File, Format Version 12.00
Project("{FAE04EC0-301F-11D3-BF4B-00C04F79EFBC}") = "CraftyCartsRemake", "CraftyCartsRemake.csproj", "{9E0F9E39-EC09-4482-B9FA-9793AEF54F10}"
EndProject
Global
	GlobalSection(SolutionConfigurationPlatforms) = preSolution
		Debug|Any CPU = Debug|Any CPU
		Release|Any CPU = Release|Any CPU
	EndGlobalSection
	GlobalSection(ProjectConfigurationPlatforms) = postSolution
		{9E0F9E39-EC09-4482-B9FA-9793AEF54F10}.Debug|Any CPU.ActiveCfg = Debug|Any CPU
		{9E0F9E39-EC09-4482-B9FA-9793AEF54F10}.Debug|Any CPU.Build.0 = Debug|Any CPU
		{9E0F9E39-EC09-4482-B9FA-9793AEF54F10}.Release|Any CPU.ActiveCfg = Release|Any CPU
		{9E0F9E39-EC09-4482-B9FA-9793AEF54F10}.Release|Any CPU.Build.0 = Release|Any CPU
	EndGlobalSection
EndGlobal
